{
  "name": "kixx-rynodb",
  "version": "2.0.0-pre.2",
  "lockfileVersion": 1,
  "requires": true,
  "dependencies": {
    "bluebird": {
      "version": "3.5.1",
      "resolved": "https://registry.npmjs.org/bluebird/-/bluebird-3.5.1.tgz",
      "integrity": "sha512-MKiLiV+I1AA596t9w1sQJ8jkiSr5+ZKi0WKrYGUn6d1Fx+Ij4tIj+m2WMQSGczs5jZVxV339chE8iwk6F64wjA==",
      "dev": true
    },
    "debug": {
      "version": "3.1.0",
      "resolved": "https://registry.npmjs.org/debug/-/debug-3.1.0.tgz",
      "integrity": "sha512-OX8XqP7/1a9cqkxYw2yXss15f26NKWBpDXQd0/uK/KPqdQhxbPa994hnzjcE2VqQpDslf55723cKPUOGSmMY3g==",
      "requires": {
        "ms": "2.0.0"
      }
    },
    "kixx": {
      "version": "1.0.0",
      "resolved": "https://registry.npmjs.org/kixx/-/kixx-1.0.0.tgz",
      "integrity": "sha512-1VTaTH659LrM4YQap9Oh5mnzrhSqUQy+r1vW6fi1ESJ0mJ3Nm4wZqeQ8hMbd5zoz4CkMQ2+P+TeFeeXYFzd1HA==",
      "dev": true,
      "requires": {
        "kixx-assert": "1.0.5"
      }
    },
    "kixx-assert": {
      "version": "1.0.5",
      "resolved": "https://registry.npmjs.org/kixx-assert/-/kixx-assert-1.0.5.tgz",
      "integrity": "sha512-vxRvoQYDzGeX4Fm8LMvzABLiOgBLd9P/sJAGsDWPvIaAyHKbJwdp686aroEOPv5r12TfQcX2x28kenPJfq2raw==",
      "dev": true
    },
    "ms": {
      "version": "2.0.0",
      "resolved": "https://registry.npmjs.org/ms/-/ms-2.0.0.tgz",
      "integrity": "sha1-VgiurfwAvmwpAd9fmGF4jeDVl8g="
    },
    "ramda": {
      "version": "0.25.0",
      "resolved": "https://registry.npmjs.org/ramda/-/ramda-0.25.0.tgz",
      "integrity": "sha512-GXpfrYVPwx3K7RQ6aYT8KPS8XViSXUVJT1ONhoKPE9VAleW42YE+U+8VEyGWt41EnEQW7gwecYJriTI0pKoecQ==",
      "dev": true
    }
  }
}
